
Microsoft Visual Studio Solution File, Format Version 12.00
# Visual Studio 2013
VisualStudioVersion = 12.0.21005.1
MinimumVisualStudioVersion = 10.0.40219.1
Project("{FAE04EC0-301F-11D3-BF4B-00C04F79EFBC}") = "BLL", "BLL\BLL.csproj", "{396B2CCD-F4CD-48C2-8B61-F4EC0ADF9EBE}"
EndProject
Project("{FAE04EC0-301F-11D3-BF4B-00C04F79EFBC}") = "DAL", "DAL\DAL.csproj", "{C7251487-3E9D-4D32-9FCD-220FE24E179D}"
EndProject
Project("{FAE04EC0-301F-11D3-BF4B-00C04F79EFBC}") = "UI", "UI\UI.csproj", "{1A7C1E5C-682B-4AF6-B828-3BF35E50CBCF}"
EndProject
Project("{FAE04EC0-301F-11D3-BF4B-00C04F79EFBC}") = "BOL", "BOL\BOL.csproj", "{81542EFA-E049-4EBB-BBBE-00E086C032F6}"
EndProject
Global
	GlobalSection(SolutionConfigurationPlatforms) = preSolution
		Debug|Any CPU = Debug|Any CPU
		Release|Any CPU = Release|Any CPU
	EndGlobalSection
	GlobalSection(ProjectConfigurationPlatforms) = postSolution
		{396B2CCD-F4CD-48C2-8B61-F4EC0ADF9EBE}.Debug|Any CPU.ActiveCfg = Debug|Any CPU
		{396B2CCD-F4CD-48C2-8B61-F4EC0ADF9EBE}.Debug|Any CPU.Build.0 = Debug|Any CPU
		{396B2CCD-F4CD-48C2-8B61-F4EC0ADF9EBE}.Release|Any CPU.ActiveCfg = Release|Any CPU
		{396B2CCD-F4CD-48C2-8B61-F4EC0ADF9EBE}.Release|Any CPU.Build.0 = Release|Any CPU
		{C7251487-3E9D-4D32-9FCD-220FE24E179D}.Debug|Any CPU.ActiveCfg = Debug|Any CPU
		{C7251487-3E9D-4D32-9FCD-220FE24E179D}.Debug|Any CPU.Build.0 = Debug|Any CPU
		{C7251487-3E9D-4D32-9FCD-220FE24E179D}.Release|Any CPU.ActiveCfg = Release|Any CPU
		{C7251487-3E9D-4D32-9FCD-220FE24E179D}.Release|Any CPU.Build.0 = Release|Any CPU
		{1A7C1E5C-682B-4AF6-B828-3BF35E50CBCF}.Debug|Any CPU.ActiveCfg = Debug|Any CPU
		{1A7C1E5C-682B-4AF6-B828-3BF35E50CBCF}.Debug|Any CPU.Build.0 = Debug|Any CPU
		{1A7C1E5C-682B-4AF6-B828-3BF35E50CBCF}.Release|Any CPU.ActiveCfg = Release|Any CPU
		{1A7C1E5C-682B-4AF6-B828-3BF35E50CBCF}.Release|Any CPU.Build.0 = Release|Any CPU
		{81542EFA-E049-4EBB-BBBE-00E086C032F6}.Debug|Any CPU.ActiveCfg = Debug|Any CPU
		{81542EFA-E049-4EBB-BBBE-00E086C032F6}.Debug|Any CPU.Build.0 = Debug|Any CPU
		{81542EFA-E049-4EBB-BBBE-00E086C032F6}.Release|Any CPU.ActiveCfg = Release|Any CPU
		{81542EFA-E049-4EBB-BBBE-00E086C032F6}.Release|Any CPU.Build.0 = Release|Any CPU
	EndGlobalSection
	GlobalSection(SolutionProperties) = preSolution
		HideSolutionNode = FALSE
	EndGlobalSection
EndGlobal
